<?xml version="1.0" encoding="UTF-8"?>
<CodeBlocks_project_file>
	<FileVersion major="1" minor="6"/>
	<Project>
		<Option title="Zelda"/>
		<Option makefile_is_custom="1"/>
		<Option compiler="gcc"/>
		<Option virtualFolders="CMake Files\;"/>
		<Build>
			<Target title="all">
				<Option working_dir="/Users/Zheng/CLionProjects/Zelda"/>
				<Option type="4"/>
				<MakeCommands>
					<Build command="/usr/bin/make -j4 -f &quot;/Users/Zheng/CLionProjects/Zelda/Makefile&quot;  VERBOSE=1 all"/>
					<CompileFile command="/usr/bin/make -j4 -f &quot;/Users/Zheng/CLionProjects/Zelda/Makefile&quot;  VERBOSE=1 &quot;$file&quot;"/>
					<Clean command="/usr/bin/make -j4 -f &quot;/Users/Zheng/CLionProjects/Zelda/Makefile&quot;  VERBOSE=1 clean"/>
					<DistClean command="/usr/bin/make -j4 -f &quot;/Users/Zheng/CLionProjects/Zelda/Makefile&quot;  VERBOSE=1 clean"/>
				</MakeCommands>
			</Target>
			<Target title="rebuild_cache">
				<Option working_dir="/Users/Zheng/CLionProjects/Zelda"/>
				<Option type="4"/>
				<MakeCommands>
					<Build command="/usr/bin/make -j4 -f &quot;/Users/Zheng/CLionProjects/Zelda/Makefile&quot;  VERBOSE=1 rebuild_cache"/>
					<CompileFile command="/usr/bin/make -j4 -f &quot;/Users/Zheng/CLionProjects/Zelda/Makefile&quot;  VERBOSE=1 &quot;$file&quot;"/>
					<Clean command="/usr/bin/make -j4 -f &quot;/Users/Zheng/CLionProjects/Zelda/Makefile&quot;  VERBOSE=1 clean"/>
					<DistClean command="/usr/bin/make -j4 -f &quot;/Users/Zheng/CLionProjects/Zelda/Makefile&quot;  VERBOSE=1 clean"/>
				</MakeCommands>
			</Target>
			<Target title="edit_cache">
				<Option working_dir="/Users/Zheng/CLionProjects/Zelda"/>
				<Option type="4"/>
				<MakeCommands>
					<Build command="/usr/bin/make -j4 -f &quot;/Users/Zheng/CLionProjects/Zelda/Makefile&quot;  VERBOSE=1 edit_cache"/>
					<CompileFile command="/usr/bin/make -j4 -f &quot;/Users/Zheng/CLionProjects/Zelda/Makefile&quot;  VERBOSE=1 &quot;$file&quot;"/>
					<Clean command="/usr/bin/make -j4 -f &quot;/Users/Zheng/CLionProjects/Zelda/Makefile&quot;  VERBOSE=1 clean"/>
					<DistClean command="/usr/bin/make -j4 -f &quot;/Users/Zheng/CLionProjects/Zelda/Makefile&quot;  VERBOSE=1 clean"/>
				</MakeCommands>
			</Target>
			<Target title="Zelda">
				<Option output="/Users/Zheng/CLionProjects/Zelda/Zelda" prefix_auto="0" extension_auto="0"/>
				<Option working_dir="/Users/Zheng/CLionProjects/Zelda"/>
				<Option object_output="./"/>
				<Option type="1"/>
				<Option compiler="gcc"/>
				<Compiler>
					<Add directory="/Applications/Xcode.app/Contents/Developer/Toolchains/XcodeDefault.xctoolchain/usr/include/c++/v1"/>
					<Add directory="/usr/local/include"/>
					<Add directory="/Applications/Xcode.app/Contents/Developer/Toolchains/XcodeDefault.xctoolchain/usr/lib/clang/9.0.0/include"/>
					<Add directory="/Applications/Xcode.app/Contents/Developer/Toolchains/XcodeDefault.xctoolchain/usr/include"/>
					<Add directory="/System/Library/Frameworks"/>
					<Add directory="/Library/Frameworks"/>
				</Compiler>
				<MakeCommands>
					<Build command="/usr/bin/make -j4 -f &quot;/Users/Zheng/CLionProjects/Zelda/Makefile&quot;  VERBOSE=1 Zelda"/>
					<CompileFile command="/usr/bin/make -j4 -f &quot;/Users/Zheng/CLionProjects/Zelda/Makefile&quot;  VERBOSE=1 &quot;$file&quot;"/>
					<Clean command="/usr/bin/make -j4 -f &quot;/Users/Zheng/CLionProjects/Zelda/Makefile&quot;  VERBOSE=1 clean"/>
					<DistClean command="/usr/bin/make -j4 -f &quot;/Users/Zheng/CLionProjects/Zelda/Makefile&quot;  VERBOSE=1 clean"/>
				</MakeCommands>
			</Target>
			<Target title="Zelda/fast">
				<Option output="/Users/Zheng/CLionProjects/Zelda/Zelda" prefix_auto="0" extension_auto="0"/>
				<Option working_dir="/Users/Zheng/CLionProjects/Zelda"/>
				<Option object_output="./"/>
				<Option type="1"/>
				<Option compiler="gcc"/>
				<Compiler>
					<Add directory="/Applications/Xcode.app/Contents/Developer/Toolchains/XcodeDefault.xctoolchain/usr/include/c++/v1"/>
					<Add directory="/usr/local/include"/>
					<Add directory="/Applications/Xcode.app/Contents/Developer/Toolchains/XcodeDefault.xctoolchain/usr/lib/clang/9.0.0/include"/>
					<Add directory="/Applications/Xcode.app/Contents/Developer/Toolchains/XcodeDefault.xctoolchain/usr/include"/>
					<Add directory="/System/Library/Frameworks"/>
					<Add directory="/Library/Frameworks"/>
				</Compiler>
				<MakeCommands>
					<Build command="/usr/bin/make -j4 -f &quot;/Users/Zheng/CLionProjects/Zelda/Makefile&quot;  VERBOSE=1 Zelda/fast"/>
					<CompileFile command="/usr/bin/make -j4 -f &quot;/Users/Zheng/CLionProjects/Zelda/Makefile&quot;  VERBOSE=1 &quot;$file&quot;"/>
					<Clean command="/usr/bin/make -j4 -f &quot;/Users/Zheng/CLionProjects/Zelda/Makefile&quot;  VERBOSE=1 clean"/>
					<DistClean command="/usr/bin/make -j4 -f &quot;/Users/Zheng/CLionProjects/Zelda/Makefile&quot;  VERBOSE=1 clean"/>
				</MakeCommands>
			</Target>
		</Build>
		<Unit filename="/Users/Zheng/CLionProjects/Zelda/Zelda.cpp">
			<Option target="Zelda"/>
		</Unit>
		<Unit filename="/Users/Zheng/CLionProjects/Zelda/Zelda.h">
			<Option target="Zelda"/>
		</Unit>
		<Unit filename="/Users/Zheng/CLionProjects/Zelda/ZeldaAuthenticationAgent.cpp">
			<Option target="Zelda"/>
		</Unit>
		<Unit filename="/Users/Zheng/CLionProjects/Zelda/ZeldaAuthenticationAgent.h">
			<Option target="Zelda"/>
		</Unit>
		<Unit filename="/Users/Zheng/CLionProjects/Zelda/ZeldaDefines.h">
			<Option target="Zelda"/>
		</Unit>
		<Unit filename="/Users/Zheng/CLionProjects/Zelda/ZeldaFilterAgent.cpp">
			<Option target="Zelda"/>
		</Unit>
		<Unit filename="/Users/Zheng/CLionProjects/Zelda/ZeldaFilterAgent.h">
			<Option target="Zelda"/>
		</Unit>
		<Unit filename="/Users/Zheng/CLionProjects/Zelda/ZeldaHTTPHelper.cpp">
			<Option target="Zelda"/>
		</Unit>
		<Unit filename="/Users/Zheng/CLionProjects/Zelda/ZeldaHTTPHelper.h">
			<Option target="Zelda"/>
		</Unit>
		<Unit filename="/Users/Zheng/CLionProjects/Zelda/ZeldaHTTPRequest.cpp">
			<Option target="Zelda"/>
		</Unit>
		<Unit filename="/Users/Zheng/CLionProjects/Zelda/ZeldaHTTPRequest.h">
			<Option target="Zelda"/>
		</Unit>
		<Unit filename="/Users/Zheng/CLionProjects/Zelda/ZeldaHTTPResponse.cpp">
			<Option target="Zelda"/>
		</Unit>
		<Unit filename="/Users/Zheng/CLionProjects/Zelda/ZeldaHTTPResponse.h">
			<Option target="Zelda"/>
		</Unit>
		<Unit filename="/Users/Zheng/CLionProjects/Zelda/ZeldaHTTPTunnel.cpp">
			<Option target="Zelda"/>
		</Unit>
		<Unit filename="/Users/Zheng/CLionProjects/Zelda/ZeldaHTTPTunnel.h">
			<Option target="Zelda"/>
		</Unit>
		<Unit filename="/Users/Zheng/CLionProjects/Zelda/ZeldaLogger.cpp">
			<Option target="Zelda"/>
		</Unit>
		<Unit filename="/Users/Zheng/CLionProjects/Zelda/ZeldaLogger.h">
			<Option target="Zelda"/>
		</Unit>
		<Unit filename="/Users/Zheng/CLionProjects/Zelda/ZeldaProtocol.cpp">
			<Option target="Zelda"/>
		</Unit>
		<Unit filename="/Users/Zheng/CLionProjects/Zelda/ZeldaProtocol.h">
			<Option target="Zelda"/>
		</Unit>
		<Unit filename="/Users/Zheng/CLionProjects/Zelda/base64.hpp">
			<Option target="Zelda"/>
		</Unit>
		<Unit filename="/Users/Zheng/CLionProjects/Zelda/cxxopts.hpp">
			<Option target="Zelda"/>
		</Unit>
		<Unit filename="/Users/Zheng/CLionProjects/Zelda/main.cpp">
			<Option target="Zelda"/>
		</Unit>
		<Unit filename="/Users/Zheng/CLionProjects/Zelda/CMakeLists.txt">
			<Option virtualFolder="CMake Files\"/>
		</Unit>
	</Project>
</CodeBlocks_project_file>
